
Microsoft Visual Studio Solution File, Format Version 12.00
# Visual Studio Version 17
VisualStudioVersion = 17.7.34202.233
MinimumVisualStudioVersion = 10.0.40219.1
Project("{FAE04EC0-301F-11D3-BF4B-00C04F79EFBC}") = "Практическая работа №7.1", "Практическая работа №7.1\Практическая работа №7.1.csproj", "{4D9014E3-3118-4364-B7D3-37D5F7444783}"
EndProject
Global
	GlobalSection(SolutionConfigurationPlatforms) = preSolution
		Debug|Any CPU = Debug|Any CPU
		Release|Any CPU = Release|Any CPU
	EndGlobalSection
	GlobalSection(ProjectConfigurationPlatforms) = postSolution
		{4D9014E3-3118-4364-B7D3-37D5F7444783}.Debug|Any CPU.ActiveCfg = Debug|Any CPU
		{4D9014E3-3118-4364-B7D3-37D5F7444783}.Debug|Any CPU.Build.0 = Debug|Any CPU
		{4D9014E3-3118-4364-B7D3-37D5F7444783}.Release|Any CPU.ActiveCfg = Release|Any CPU
		{4D9014E3-3118-4364-B7D3-37D5F7444783}.Release|Any CPU.Build.0 = Release|Any CPU
	EndGlobalSection
	GlobalSection(SolutionProperties) = preSolution
		HideSolutionNode = FALSE
	EndGlobalSection
	GlobalSection(ExtensibilityGlobals) = postSolution
		SolutionGuid = {DBC2DEB4-FDC7-46BB-AAD9-503622D71589}
	EndGlobalSection
EndGlobal
